<?xml version="1.0" encoding="utf-8"?>
<Project ToolsVersion="16.0" xmlns="http://schemas.microsoft.com/developer/msbuild/2003">
  <ItemGroup>
    <ClCompile Include="C:\Urho3D\Urho3D-Source\Boid.cpp">
      <Filter>Source Files</Filter>
    </ClCompile>
    <ClCompile Include="C:\Urho3D\Urho3D-Source\BoidManager.cpp">
      <Filter>Source Files</Filter>
    </ClCompile>
    <ClCompile Include="C:\Urho3D\Urho3D-Source\Character.cpp">
      <Filter>Source Files</Filter>
    </ClCompile>
    <ClCompile Include="C:\Urho3D\Urho3D-Source\ControlsWindow.cpp">
      <Filter>Source Files</Filter>
    </ClCompile>
    <ClCompile Include="C:\Urho3D\Urho3D-Source\DebugWindow.cpp">
      <Filter>Source Files</Filter>
    </ClCompile>
    <ClCompile Include="C:\Urho3D\Urho3D-Source\InterfaceBaseClass.cpp">
      <Filter>Source Files</Filter>
    </ClCompile>
    <ClCompile Include="C:\Urho3D\Urho3D-Source\MainMenu.cpp">
      <Filter>Source Files</Filter>
    </ClCompile>
    <ClCompile Include="C:\Urho3D\Urho3D-Source\PauseMenu.cpp">
      <Filter>Source Files</Filter>
    </ClCompile>
    <ClCompile Include="C:\Urho3D\Urho3D-Source\RealTimer.cpp">
      <Filter>Source Files</Filter>
    </ClCompile>
    <ClCompile Include="C:\Urho3D\Urho3D-Source\Touch.cpp">
      <Filter>Source Files</Filter>
    </ClCompile>
    <ClCompile Include="..\Urho3D-Source\DinosaurGame.cpp">
      <Filter>Source Files</Filter>
    </ClCompile>
    <ClCompile Include="..\Urho3D-Source\Player.cpp">
      <Filter>Source Files</Filter>
    </ClCompile>
    <ClCompile Include="..\Urho3D-Source\ProjectileBaseClass.cpp">
      <Filter>Source Files</Filter>
    </ClCompile>
    <ClCompile Include="..\Urho3D-Source\StraightProjectile.cpp">
      <Filter>Source Files</Filter>
    </ClCompile>
    <ClCompile Include="..\Urho3D-Source\ScoreWindow.cpp">
      <Filter>Source Files</Filter>
    </ClCompile>
    <ClCompile Include="..\Urho3D-Source\WeaponWindow.cpp">
      <Filter>Source Files</Filter>
    </ClCompile>
    <ClCompile Include="..\Urho3D-Source\TimerWindow.cpp">
      <Filter>Source Files</Filter>
    </ClCompile>
    <ClCompile Include="..\Urho3D-Source\GameoverWindow.cpp" />
    <ClCompile Include="..\Urho3D-Source\ScatterGun.cpp">
      <Filter>Source Files</Filter>
    </ClCompile>
    <ClCompile Include="..\Urho3D-Source\ChatWindow.cpp">
      <Filter>Source Files</Filter>
    </ClCompile>
  </ItemGroup>
  <ItemGroup>
    <ClInclude Include="C:\Urho3D\Urho3D-Source\Boid.h">
      <Filter>Header Files</Filter>
    </ClInclude>
    <ClInclude Include="C:\Urho3D\Urho3D-Source\BoidManager.h">
      <Filter>Header Files</Filter>
    </ClInclude>
    <ClInclude Include="C:\Urho3D\Urho3D-Source\Character.h">
      <Filter>Header Files</Filter>
    </ClInclude>
    <ClInclude Include="C:\Urho3D\Urho3D-Source\Constants.h">
      <Filter>Header Files</Filter>
    </ClInclude>
    <ClInclude Include="C:\Urho3D\Urho3D-Source\ControlsWindow.h">
      <Filter>Header Files</Filter>
    </ClInclude>
    <ClInclude Include="C:\Urho3D\Urho3D-Source\DebugWindow.h">
      <Filter>Header Files</Filter>
    </ClInclude>
    <ClInclude Include="C:\Urho3D\Urho3D-Source\InterfaceBaseClass.h">
      <Filter>Header Files</Filter>
    </ClInclude>
    <ClInclude Include="C:\Urho3D\Urho3D-Source\MainMenu.h">
      <Filter>Header Files</Filter>
    </ClInclude>
    <ClInclude Include="C:\Urho3D\Urho3D-Source\PauseMenu.h">
      <Filter>Header Files</Filter>
    </ClInclude>
    <ClInclude Include="C:\Urho3D\Urho3D-Source\RealTimer.h">
      <Filter>Header Files</Filter>
    </ClInclude>
    <ClInclude Include="C:\Urho3D\Urho3D-Source\Sample.h">
      <Filter>Header Files</Filter>
    </ClInclude>
    <ClInclude Include="C:\Urho3D\Urho3D-Source\Touch.h">
      <Filter>Header Files</Filter>
    </ClInclude>
    <ClInclude Include="..\Urho3D-Source\DinosaurGame.h">
      <Filter>Header Files</Filter>
    </ClInclude>
    <ClInclude Include="..\Urho3D-Source\Player.h">
      <Filter>Header Files</Filter>
    </ClInclude>
    <ClInclude Include="..\Urho3D-Source\ProjectileBaseClass.h">
      <Filter>Header Files</Filter>
    </ClInclude>
    <ClInclude Include="..\Urho3D-Source\StraightProjectile.h">
      <Filter>Header Files</Filter>
    </ClInclude>
    <ClInclude Include="..\Urho3D-Source\ScoreWindow.h">
      <Filter>Header Files</Filter>
    </ClInclude>
    <ClInclude Include="..\Urho3D-Source\WeaponWindow.h">
      <Filter>Header Files</Filter>
    </ClInclude>
    <ClInclude Include="..\Urho3D-Source\TimerWindow.h">
      <Filter>Header Files</Filter>
    </ClInclude>
    <ClInclude Include="..\Urho3D-Source\GameoverWindow.h">
      <Filter>Header Files</Filter>
    </ClInclude>
    <ClInclude Include="..\Urho3D-Source\ScatterGun.h">
      <Filter>Header Files</Filter>
    </ClInclude>
    <ClInclude Include="..\Urho3D-Source\ChatWindow.h">
      <Filter>Header Files</Filter>
    </ClInclude>
  </ItemGroup>
  <ItemGroup>
    <CustomBuild Include="C:\Urho3D\Urho3D-Source\CMakeLists.txt" />
  </ItemGroup>
  <ItemGroup>
    <None Include="C:\Urho3D\Urho3D-Source\bin\CoreData">
      <Filter>Resource Dirs</Filter>
    </None>
    <None Include="C:\Urho3D\Urho3D-Source\bin\Data">
      <Filter>Resource Dirs</Filter>
    </None>
    <None Include="..\Urho3D-Source\Sample.inl">
      <Filter>Header Files</Filter>
    </None>
  </ItemGroup>
  <ItemGroup>
    <Filter Include="Header Files">
      <UniqueIdentifier>{28EA987B-56D5-328B-BB59-CD28FE5D3916}</UniqueIdentifier>
    </Filter>
    <Filter Include="Resource Dirs">
      <UniqueIdentifier>{C4947630-D199-374E-BF04-F6F53F864F55}</UniqueIdentifier>
    </Filter>
    <Filter Include="Source Files">
      <UniqueIdentifier>{AFB4083F-5749-323E-B79F-FAE4D7AA3865}</UniqueIdentifier>
    </Filter>
  </ItemGroup>
</Project>