Microsoft Visual Studio Solution File, Format Version 12.00
# Visual Studio 16
Project("{8BC9CEB8-8B4A-11D0-8D11-00A0C91BC942}") = "ALL_BUILD", "ALL_BUILD.vcxproj", "{6BECD9F2-4D80-30AE-BE3B-3A01A177B2F4}"
	ProjectSection(ProjectDependencies) = postProject
		{940F95F5-6467-3F42-8072-1F4055BE1AA5} = {940F95F5-6467-3F42-8072-1F4055BE1AA5}
		{0C0A18D4-6EFC-3EB2-B9B7-0ECE38AEEF78} = {0C0A18D4-6EFC-3EB2-B9B7-0ECE38AEEF78}
		{64C21261-41F2-31D8-8A63-E74F6C2111BF} = {64C21261-41F2-31D8-8A63-E74F6C2111BF}
		{9121FCF2-AFB0-344B-AEBA-1A00D572FD1A} = {9121FCF2-AFB0-344B-AEBA-1A00D572FD1A}
		{2ACD8CAA-523B-324B-BA31-B4E9C460E052} = {2ACD8CAA-523B-324B-BA31-B4E9C460E052}
		{50AECEF8-EA7F-3A98-923B-D878C8729F7C} = {50AECEF8-EA7F-3A98-923B-D878C8729F7C}
		{77D1EF0F-98C9-38AC-9143-E99A1F02CF92} = {77D1EF0F-98C9-38AC-9143-E99A1F02CF92}
		{57739181-0F29-327E-B87D-FD7657D9F105} = {57739181-0F29-327E-B87D-FD7657D9F105}
		{E9010F25-C6A7-3289-AB5E-9A84537D6A8C} = {E9010F25-C6A7-3289-AB5E-9A84537D6A8C}
	EndProjectSection
EndProject
Project("{8BC9CEB8-8B4A-11D0-8D11-00A0C91BC942}") = "AngelScript", "..\ThirdParty\AngelScript\AngelScript.vcxproj", "{12B96D62-E468-3BFA-9507-4E43CD243D94}"
	ProjectSection(ProjectDependencies) = postProject
		{E9010F25-C6A7-3289-AB5E-9A84537D6A8C} = {E9010F25-C6A7-3289-AB5E-9A84537D6A8C}
	EndProjectSection
EndProject
Project("{8BC9CEB8-8B4A-11D0-8D11-00A0C91BC942}") = "AssetImporter", "AssetImporter\AssetImporter.vcxproj", "{940F95F5-6467-3F42-8072-1F4055BE1AA5}"
	ProjectSection(ProjectDependencies) = postProject
		{0C0A18D4-6EFC-3EB2-B9B7-0ECE38AEEF78} = {0C0A18D4-6EFC-3EB2-B9B7-0ECE38AEEF78}
		{8462CE5B-E986-3833-9A8F-2F1F07501926} = {8462CE5B-E986-3833-9A8F-2F1F07501926}
		{E9010F25-C6A7-3289-AB5E-9A84537D6A8C} = {E9010F25-C6A7-3289-AB5E-9A84537D6A8C}
	EndProjectSection
EndProject
Project("{8BC9CEB8-8B4A-11D0-8D11-00A0C91BC942}") = "Assimp", "..\ThirdParty\Assimp\Assimp.vcxproj", "{0C0A18D4-6EFC-3EB2-B9B7-0ECE38AEEF78}"
	ProjectSection(ProjectDependencies) = postProject
		{8462CE5B-E986-3833-9A8F-2F1F07501926} = {8462CE5B-E986-3833-9A8F-2F1F07501926}
		{E9010F25-C6A7-3289-AB5E-9A84537D6A8C} = {E9010F25-C6A7-3289-AB5E-9A84537D6A8C}
	EndProjectSection
EndProject
Project("{8BC9CEB8-8B4A-11D0-8D11-00A0C91BC942}") = "Box2D", "..\ThirdParty\Box2D\Box2D.vcxproj", "{7A6AE5F7-FF6E-3AC4-8687-9ADCC524B2B9}"
	ProjectSection(ProjectDependencies) = postProject
		{E9010F25-C6A7-3289-AB5E-9A84537D6A8C} = {E9010F25-C6A7-3289-AB5E-9A84537D6A8C}
	EndProjectSection
EndProject
Project("{8BC9CEB8-8B4A-11D0-8D11-00A0C91BC942}") = "Bullet", "..\ThirdParty\Bullet\Bullet.vcxproj", "{44B0736E-ABE1-3839-B00F-53BCFBAF3C09}"
	ProjectSection(ProjectDependencies) = postProject
		{E9010F25-C6A7-3289-AB5E-9A84537D6A8C} = {E9010F25-C6A7-3289-AB5E-9A84537D6A8C}
	EndProjectSection
EndProject
Project("{8BC9CEB8-8B4A-11D0-8D11-00A0C91BC942}") = "Civetweb", "..\ThirdParty\Civetweb\Civetweb.vcxproj", "{3C966142-0B53-34A2-86C1-DD1302FE4C67}"
	ProjectSection(ProjectDependencies) = postProject
		{E9010F25-C6A7-3289-AB5E-9A84537D6A8C} = {E9010F25-C6A7-3289-AB5E-9A84537D6A8C}
	EndProjectSection
EndProject
Project("{8BC9CEB8-8B4A-11D0-8D11-00A0C91BC942}") = "Detour", "..\ThirdParty\Detour\Detour.vcxproj", "{F072248F-7408-3F6F-B0BA-D9D5B598F171}"
	ProjectSection(ProjectDependencies) = postProject
		{E9010F25-C6A7-3289-AB5E-9A84537D6A8C} = {E9010F25-C6A7-3289-AB5E-9A84537D6A8C}
	EndProjectSection
EndProject
Project("{8BC9CEB8-8B4A-11D0-8D11-00A0C91BC942}") = "DetourCrowd", "..\ThirdParty\DetourCrowd\DetourCrowd.vcxproj", "{053E53F2-19FF-37C8-8A27-EEFF60A6A797}"
	ProjectSection(ProjectDependencies) = postProject
		{E9010F25-C6A7-3289-AB5E-9A84537D6A8C} = {E9010F25-C6A7-3289-AB5E-9A84537D6A8C}
	EndProjectSection
EndProject
Project("{8BC9CEB8-8B4A-11D0-8D11-00A0C91BC942}") = "DetourTileCache", "..\ThirdParty\DetourTileCache\DetourTileCache.vcxproj", "{A876EDA4-B920-3651-B9D4-772A6134162F}"
	ProjectSection(ProjectDependencies) = postProject
		{E9010F25-C6A7-3289-AB5E-9A84537D6A8C} = {E9010F25-C6A7-3289-AB5E-9A84537D6A8C}
	EndProjectSection
EndProject
Project("{8BC9CEB8-8B4A-11D0-8D11-00A0C91BC942}") = "FreeType", "..\ThirdParty\FreeType\FreeType.vcxproj", "{A6F37D06-80E8-321B-B0D8-AAC2ACF4F9B1}"
	ProjectSection(ProjectDependencies) = postProject
		{E9010F25-C6A7-3289-AB5E-9A84537D6A8C} = {E9010F25-C6A7-3289-AB5E-9A84537D6A8C}
	EndProjectSection
EndProject
Project("{8BC9CEB8-8B4A-11D0-8D11-00A0C91BC942}") = "INSTALL", "INSTALL.vcxproj", "{E1D4D29C-C59D-3C10-8B35-E2BBCB0B72D3}"
	ProjectSection(ProjectDependencies) = postProject
		{6BECD9F2-4D80-30AE-BE3B-3A01A177B2F4} = {6BECD9F2-4D80-30AE-BE3B-3A01A177B2F4}
		{E9010F25-C6A7-3289-AB5E-9A84537D6A8C} = {E9010F25-C6A7-3289-AB5E-9A84537D6A8C}
	EndProjectSection
EndProject
Project("{8BC9CEB8-8B4A-11D0-8D11-00A0C91BC942}") = "JO", "..\ThirdParty\JO\JO.vcxproj", "{30DD26FF-27D9-3E16-908E-7412BAD7A56B}"
	ProjectSection(ProjectDependencies) = postProject
		{E9010F25-C6A7-3289-AB5E-9A84537D6A8C} = {E9010F25-C6A7-3289-AB5E-9A84537D6A8C}
	EndProjectSection
EndProject
Project("{8BC9CEB8-8B4A-11D0-8D11-00A0C91BC942}") = "LZ4", "..\ThirdParty\LZ4\LZ4.vcxproj", "{D7504898-9A88-3D49-A5D4-EE43EF6A35DA}"
	ProjectSection(ProjectDependencies) = postProject
		{E9010F25-C6A7-3289-AB5E-9A84537D6A8C} = {E9010F25-C6A7-3289-AB5E-9A84537D6A8C}
	EndProjectSection
EndProject
Project("{8BC9CEB8-8B4A-11D0-8D11-00A0C91BC942}") = "LibCpuId", "..\ThirdParty\LibCpuId\LibCpuId.vcxproj", "{88386098-383A-3DD6-876A-1DE08CD5C295}"
	ProjectSection(ProjectDependencies) = postProject
		{E9010F25-C6A7-3289-AB5E-9A84537D6A8C} = {E9010F25-C6A7-3289-AB5E-9A84537D6A8C}
	EndProjectSection
EndProject
Project("{8BC9CEB8-8B4A-11D0-8D11-00A0C91BC942}") = "Lua", "..\ThirdParty\Lua\Lua.vcxproj", "{B3CB7D0C-C690-3179-A624-2E50F71C03D9}"
	ProjectSection(ProjectDependencies) = postProject
		{E9010F25-C6A7-3289-AB5E-9A84537D6A8C} = {E9010F25-C6A7-3289-AB5E-9A84537D6A8C}
	EndProjectSection
EndProject
Project("{8BC9CEB8-8B4A-11D0-8D11-00A0C91BC942}") = "MojoShader", "..\ThirdParty\MojoShader\MojoShader.vcxproj", "{B4283B4A-514C-3D8C-B142-EE965B6CD2BB}"
	ProjectSection(ProjectDependencies) = postProject
		{E9010F25-C6A7-3289-AB5E-9A84537D6A8C} = {E9010F25-C6A7-3289-AB5E-9A84537D6A8C}
	EndProjectSection
EndProject
Project("{8BC9CEB8-8B4A-11D0-8D11-00A0C91BC942}") = "OgreImporter", "OgreImporter\OgreImporter.vcxproj", "{64C21261-41F2-31D8-8A63-E74F6C2111BF}"
	ProjectSection(ProjectDependencies) = postProject
		{8462CE5B-E986-3833-9A8F-2F1F07501926} = {8462CE5B-E986-3833-9A8F-2F1F07501926}
		{E9010F25-C6A7-3289-AB5E-9A84537D6A8C} = {E9010F25-C6A7-3289-AB5E-9A84537D6A8C}
	EndProjectSection
EndProject
Project("{8BC9CEB8-8B4A-11D0-8D11-00A0C91BC942}") = "PACKAGE", "PACKAGE.vcxproj", "{EF296BD3-1CC4-373B-BB7C-AEA48B45C284}"
	ProjectSection(ProjectDependencies) = postProject
		{6BECD9F2-4D80-30AE-BE3B-3A01A177B2F4} = {6BECD9F2-4D80-30AE-BE3B-3A01A177B2F4}
		{E9010F25-C6A7-3289-AB5E-9A84537D6A8C} = {E9010F25-C6A7-3289-AB5E-9A84537D6A8C}
	EndProjectSection
EndProject
Project("{8BC9CEB8-8B4A-11D0-8D11-00A0C91BC942}") = "PackageTool", "PackageTool\PackageTool.vcxproj", "{9121FCF2-AFB0-344B-AEBA-1A00D572FD1A}"
	ProjectSection(ProjectDependencies) = postProject
		{D7504898-9A88-3D49-A5D4-EE43EF6A35DA} = {D7504898-9A88-3D49-A5D4-EE43EF6A35DA}
		{8462CE5B-E986-3833-9A8F-2F1F07501926} = {8462CE5B-E986-3833-9A8F-2F1F07501926}
		{E9010F25-C6A7-3289-AB5E-9A84537D6A8C} = {E9010F25-C6A7-3289-AB5E-9A84537D6A8C}
	EndProjectSection
EndProject
Project("{8BC9CEB8-8B4A-11D0-8D11-00A0C91BC942}") = "PugiXml", "..\ThirdParty\PugiXml\PugiXml.vcxproj", "{69E71989-074B-3449-83D2-957170011826}"
	ProjectSection(ProjectDependencies) = postProject
		{E9010F25-C6A7-3289-AB5E-9A84537D6A8C} = {E9010F25-C6A7-3289-AB5E-9A84537D6A8C}
	EndProjectSection
EndProject
Project("{8BC9CEB8-8B4A-11D0-8D11-00A0C91BC942}") = "RampGenerator", "RampGenerator\RampGenerator.vcxproj", "{2ACD8CAA-523B-324B-BA31-B4E9C460E052}"
	ProjectSection(ProjectDependencies) = postProject
		{8462CE5B-E986-3833-9A8F-2F1F07501926} = {8462CE5B-E986-3833-9A8F-2F1F07501926}
		{E9010F25-C6A7-3289-AB5E-9A84537D6A8C} = {E9010F25-C6A7-3289-AB5E-9A84537D6A8C}
	EndProjectSection
EndProject
Project("{8BC9CEB8-8B4A-11D0-8D11-00A0C91BC942}") = "Recast", "..\ThirdParty\Recast\Recast.vcxproj", "{083A49E4-547F-33E2-B3BF-4191A9F4348E}"
	ProjectSection(ProjectDependencies) = postProject
		{E9010F25-C6A7-3289-AB5E-9A84537D6A8C} = {E9010F25-C6A7-3289-AB5E-9A84537D6A8C}
	EndProjectSection
EndProject
Project("{8BC9CEB8-8B4A-11D0-8D11-00A0C91BC942}") = "SDL", "..\ThirdParty\SDL\SDL.vcxproj", "{968D032A-EEEA-37C3-9B13-98B6EC912610}"
	ProjectSection(ProjectDependencies) = postProject
		{E9010F25-C6A7-3289-AB5E-9A84537D6A8C} = {E9010F25-C6A7-3289-AB5E-9A84537D6A8C}
	EndProjectSection
EndProject
Project("{8BC9CEB8-8B4A-11D0-8D11-00A0C91BC942}") = "STB", "..\ThirdParty\STB\STB.vcxproj", "{5E6E87FC-5DE9-3E92-9482-006549F40141}"
	ProjectSection(ProjectDependencies) = postProject
		{E9010F25-C6A7-3289-AB5E-9A84537D6A8C} = {E9010F25-C6A7-3289-AB5E-9A84537D6A8C}
	EndProjectSection
EndProject
Project("{8BC9CEB8-8B4A-11D0-8D11-00A0C91BC942}") = "ScriptCompiler", "ScriptCompiler\ScriptCompiler.vcxproj", "{50AECEF8-EA7F-3A98-923B-D878C8729F7C}"
	ProjectSection(ProjectDependencies) = postProject
		{8462CE5B-E986-3833-9A8F-2F1F07501926} = {8462CE5B-E986-3833-9A8F-2F1F07501926}
		{E9010F25-C6A7-3289-AB5E-9A84537D6A8C} = {E9010F25-C6A7-3289-AB5E-9A84537D6A8C}
	EndProjectSection
EndProject
Project("{8BC9CEB8-8B4A-11D0-8D11-00A0C91BC942}") = "SpritePacker", "SpritePacker\SpritePacker.vcxproj", "{77D1EF0F-98C9-38AC-9143-E99A1F02CF92}"
	ProjectSection(ProjectDependencies) = postProject
		{8462CE5B-E986-3833-9A8F-2F1F07501926} = {8462CE5B-E986-3833-9A8F-2F1F07501926}
		{E9010F25-C6A7-3289-AB5E-9A84537D6A8C} = {E9010F25-C6A7-3289-AB5E-9A84537D6A8C}
	EndProjectSection
EndProject
Project("{8BC9CEB8-8B4A-11D0-8D11-00A0C91BC942}") = "StanHull", "..\ThirdParty\StanHull\StanHull.vcxproj", "{7168086D-654D-3E60-B026-984C7E822ADC}"
	ProjectSection(ProjectDependencies) = postProject
		{E9010F25-C6A7-3289-AB5E-9A84537D6A8C} = {E9010F25-C6A7-3289-AB5E-9A84537D6A8C}
	EndProjectSection
EndProject
Project("{8BC9CEB8-8B4A-11D0-8D11-00A0C91BC942}") = "Urho3D", "..\Urho3D\Urho3D.vcxproj", "{8462CE5B-E986-3833-9A8F-2F1F07501926}"
	ProjectSection(ProjectDependencies) = postProject
		{12B96D62-E468-3BFA-9507-4E43CD243D94} = {12B96D62-E468-3BFA-9507-4E43CD243D94}
		{7A6AE5F7-FF6E-3AC4-8687-9ADCC524B2B9} = {7A6AE5F7-FF6E-3AC4-8687-9ADCC524B2B9}
		{44B0736E-ABE1-3839-B00F-53BCFBAF3C09} = {44B0736E-ABE1-3839-B00F-53BCFBAF3C09}
		{3C966142-0B53-34A2-86C1-DD1302FE4C67} = {3C966142-0B53-34A2-86C1-DD1302FE4C67}
		{F072248F-7408-3F6F-B0BA-D9D5B598F171} = {F072248F-7408-3F6F-B0BA-D9D5B598F171}
		{053E53F2-19FF-37C8-8A27-EEFF60A6A797} = {053E53F2-19FF-37C8-8A27-EEFF60A6A797}
		{A876EDA4-B920-3651-B9D4-772A6134162F} = {A876EDA4-B920-3651-B9D4-772A6134162F}
		{A6F37D06-80E8-321B-B0D8-AAC2ACF4F9B1} = {A6F37D06-80E8-321B-B0D8-AAC2ACF4F9B1}
		{30DD26FF-27D9-3E16-908E-7412BAD7A56B} = {30DD26FF-27D9-3E16-908E-7412BAD7A56B}
		{D7504898-9A88-3D49-A5D4-EE43EF6A35DA} = {D7504898-9A88-3D49-A5D4-EE43EF6A35DA}
		{88386098-383A-3DD6-876A-1DE08CD5C295} = {88386098-383A-3DD6-876A-1DE08CD5C295}
		{B3CB7D0C-C690-3179-A624-2E50F71C03D9} = {B3CB7D0C-C690-3179-A624-2E50F71C03D9}
		{B4283B4A-514C-3D8C-B142-EE965B6CD2BB} = {B4283B4A-514C-3D8C-B142-EE965B6CD2BB}
		{69E71989-074B-3449-83D2-957170011826} = {69E71989-074B-3449-83D2-957170011826}
		{083A49E4-547F-33E2-B3BF-4191A9F4348E} = {083A49E4-547F-33E2-B3BF-4191A9F4348E}
		{968D032A-EEEA-37C3-9B13-98B6EC912610} = {968D032A-EEEA-37C3-9B13-98B6EC912610}
		{5E6E87FC-5DE9-3E92-9482-006549F40141} = {5E6E87FC-5DE9-3E92-9482-006549F40141}
		{7168086D-654D-3E60-B026-984C7E822ADC} = {7168086D-654D-3E60-B026-984C7E822ADC}
		{19BCA8E6-206E-32BC-AE84-E9E71D402AF1} = {19BCA8E6-206E-32BC-AE84-E9E71D402AF1}
		{E9010F25-C6A7-3289-AB5E-9A84537D6A8C} = {E9010F25-C6A7-3289-AB5E-9A84537D6A8C}
		{4DB69F5F-C54E-3F1D-9AC4-DBC672D2B978} = {4DB69F5F-C54E-3F1D-9AC4-DBC672D2B978}
		{23905F09-0120-36E1-AA81-E7803C6AB203} = {23905F09-0120-36E1-AA81-E7803C6AB203}
		{7A612C01-4994-3BE7-9F1A-3E5B0E7A743A} = {7A612C01-4994-3BE7-9F1A-3E5B0E7A743A}
		{B49894D7-7F50-3B42-8F4B-6D5EAA18E11C} = {B49894D7-7F50-3B42-8F4B-6D5EAA18E11C}
		{6BF3222A-E3F4-3ACF-9207-CF3688317F9B} = {6BF3222A-E3F4-3ACF-9207-CF3688317F9B}
	EndProjectSection
EndProject
Project("{8BC9CEB8-8B4A-11D0-8D11-00A0C91BC942}") = "Urho3DPlayer", "Urho3DPlayer\Urho3DPlayer.vcxproj", "{57739181-0F29-327E-B87D-FD7657D9F105}"
	ProjectSection(ProjectDependencies) = postProject
		{8462CE5B-E986-3833-9A8F-2F1F07501926} = {8462CE5B-E986-3833-9A8F-2F1F07501926}
		{E9010F25-C6A7-3289-AB5E-9A84537D6A8C} = {E9010F25-C6A7-3289-AB5E-9A84537D6A8C}
	EndProjectSection
EndProject
Project("{8BC9CEB8-8B4A-11D0-8D11-00A0C91BC942}") = "WebP", "..\ThirdParty\WebP\WebP.vcxproj", "{19BCA8E6-206E-32BC-AE84-E9E71D402AF1}"
	ProjectSection(ProjectDependencies) = postProject
		{E9010F25-C6A7-3289-AB5E-9A84537D6A8C} = {E9010F25-C6A7-3289-AB5E-9A84537D6A8C}
	EndProjectSection
EndProject
Project("{8BC9CEB8-8B4A-11D0-8D11-00A0C91BC942}") = "ZERO_CHECK", "..\..\\ZERO_CHECK.vcxproj", "{E9010F25-C6A7-3289-AB5E-9A84537D6A8C}"
	ProjectSection(ProjectDependencies) = postProject
	EndProjectSection
EndProject
Project("{8BC9CEB8-8B4A-11D0-8D11-00A0C91BC942}") = "ik", "..\ThirdParty\ik\ik.vcxproj", "{4DB69F5F-C54E-3F1D-9AC4-DBC672D2B978}"
	ProjectSection(ProjectDependencies) = postProject
		{E9010F25-C6A7-3289-AB5E-9A84537D6A8C} = {E9010F25-C6A7-3289-AB5E-9A84537D6A8C}
	EndProjectSection
EndProject
Project("{8BC9CEB8-8B4A-11D0-8D11-00A0C91BC942}") = "kNet", "..\ThirdParty\kNet\kNet.vcxproj", "{23905F09-0120-36E1-AA81-E7803C6AB203}"
	ProjectSection(ProjectDependencies) = postProject
		{E9010F25-C6A7-3289-AB5E-9A84537D6A8C} = {E9010F25-C6A7-3289-AB5E-9A84537D6A8C}
	EndProjectSection
EndProject
Project("{8BC9CEB8-8B4A-11D0-8D11-00A0C91BC942}") = "rapidjson", "..\ThirdParty\rapidjson\rapidjson.vcxproj", "{7A612C01-4994-3BE7-9F1A-3E5B0E7A743A}"
	ProjectSection(ProjectDependencies) = postProject
		{E9010F25-C6A7-3289-AB5E-9A84537D6A8C} = {E9010F25-C6A7-3289-AB5E-9A84537D6A8C}
	EndProjectSection
EndProject
Project("{8BC9CEB8-8B4A-11D0-8D11-00A0C91BC942}") = "tolua++", "..\ThirdParty\toluapp\src\bin\tolua++.vcxproj", "{B49894D7-7F50-3B42-8F4B-6D5EAA18E11C}"
	ProjectSection(ProjectDependencies) = postProject
		{B3CB7D0C-C690-3179-A624-2E50F71C03D9} = {B3CB7D0C-C690-3179-A624-2E50F71C03D9}
		{E9010F25-C6A7-3289-AB5E-9A84537D6A8C} = {E9010F25-C6A7-3289-AB5E-9A84537D6A8C}
		{6BF3222A-E3F4-3ACF-9207-CF3688317F9B} = {6BF3222A-E3F4-3ACF-9207-CF3688317F9B}
	EndProjectSection
EndProject
Project("{8BC9CEB8-8B4A-11D0-8D11-00A0C91BC942}") = "toluapp", "..\ThirdParty\toluapp\src\lib\toluapp.vcxproj", "{6BF3222A-E3F4-3ACF-9207-CF3688317F9B}"
	ProjectSection(ProjectDependencies) = postProject
		{E9010F25-C6A7-3289-AB5E-9A84537D6A8C} = {E9010F25-C6A7-3289-AB5E-9A84537D6A8C}
	EndProjectSection
EndProject
Global
	GlobalSection(SolutionConfigurationPlatforms) = preSolution
		Release|x64 = Release|x64
		RelWithDebInfo|x64 = RelWithDebInfo|x64
		Debug|x64 = Debug|x64
	EndGlobalSection
	GlobalSection(ProjectConfigurationPlatforms) = postSolution
		{6BECD9F2-4D80-30AE-BE3B-3A01A177B2F4}.Release|x64.ActiveCfg = Release|x64
		{6BECD9F2-4D80-30AE-BE3B-3A01A177B2F4}.Release|x64.Build.0 = Release|x64
		{6BECD9F2-4D80-30AE-BE3B-3A01A177B2F4}.RelWithDebInfo|x64.ActiveCfg = RelWithDebInfo|x64
		{6BECD9F2-4D80-30AE-BE3B-3A01A177B2F4}.RelWithDebInfo|x64.Build.0 = RelWithDebInfo|x64
		{6BECD9F2-4D80-30AE-BE3B-3A01A177B2F4}.Debug|x64.ActiveCfg = Debug|x64
		{6BECD9F2-4D80-30AE-BE3B-3A01A177B2F4}.Debug|x64.Build.0 = Debug|x64
		{12B96D62-E468-3BFA-9507-4E43CD243D94}.Release|x64.ActiveCfg = Release|x64
		{12B96D62-E468-3BFA-9507-4E43CD243D94}.Release|x64.Build.0 = Release|x64
		{12B96D62-E468-3BFA-9507-4E43CD243D94}.RelWithDebInfo|x64.ActiveCfg = RelWithDebInfo|x64
		{12B96D62-E468-3BFA-9507-4E43CD243D94}.RelWithDebInfo|x64.Build.0 = RelWithDebInfo|x64
		{12B96D62-E468-3BFA-9507-4E43CD243D94}.Debug|x64.ActiveCfg = Debug|x64
		{12B96D62-E468-3BFA-9507-4E43CD243D94}.Debug|x64.Build.0 = Debug|x64
		{940F95F5-6467-3F42-8072-1F4055BE1AA5}.Release|x64.ActiveCfg = Release|x64
		{940F95F5-6467-3F42-8072-1F4055BE1AA5}.Release|x64.Build.0 = Release|x64
		{940F95F5-6467-3F42-8072-1F4055BE1AA5}.RelWithDebInfo|x64.ActiveCfg = RelWithDebInfo|x64
		{940F95F5-6467-3F42-8072-1F4055BE1AA5}.RelWithDebInfo|x64.Build.0 = RelWithDebInfo|x64
		{940F95F5-6467-3F42-8072-1F4055BE1AA5}.Debug|x64.ActiveCfg = Debug|x64
		{940F95F5-6467-3F42-8072-1F4055BE1AA5}.Debug|x64.Build.0 = Debug|x64
		{0C0A18D4-6EFC-3EB2-B9B7-0ECE38AEEF78}.Release|x64.ActiveCfg = Release|x64
		{0C0A18D4-6EFC-3EB2-B9B7-0ECE38AEEF78}.Release|x64.Build.0 = Release|x64
		{0C0A18D4-6EFC-3EB2-B9B7-0ECE38AEEF78}.RelWithDebInfo|x64.ActiveCfg = RelWithDebInfo|x64
		{0C0A18D4-6EFC-3EB2-B9B7-0ECE38AEEF78}.RelWithDebInfo|x64.Build.0 = RelWithDebInfo|x64
		{0C0A18D4-6EFC-3EB2-B9B7-0ECE38AEEF78}.Debug|x64.ActiveCfg = Debug|x64
		{0C0A18D4-6EFC-3EB2-B9B7-0ECE38AEEF78}.Debug|x64.Build.0 = Debug|x64
		{7A6AE5F7-FF6E-3AC4-8687-9ADCC524B2B9}.Release|x64.ActiveCfg = Release|x64
		{7A6AE5F7-FF6E-3AC4-8687-9ADCC524B2B9}.Release|x64.Build.0 = Release|x64
		{7A6AE5F7-FF6E-3AC4-8687-9ADCC524B2B9}.RelWithDebInfo|x64.ActiveCfg = RelWithDebInfo|x64
		{7A6AE5F7-FF6E-3AC4-8687-9ADCC524B2B9}.RelWithDebInfo|x64.Build.0 = RelWithDebInfo|x64
		{7A6AE5F7-FF6E-3AC4-8687-9ADCC524B2B9}.Debug|x64.ActiveCfg = Debug|x64
		{7A6AE5F7-FF6E-3AC4-8687-9ADCC524B2B9}.Debug|x64.Build.0 = Debug|x64
		{44B0736E-ABE1-3839-B00F-53BCFBAF3C09}.Release|x64.ActiveCfg = Release|x64
		{44B0736E-ABE1-3839-B00F-53BCFBAF3C09}.Release|x64.Build.0 = Release|x64
		{44B0736E-ABE1-3839-B00F-53BCFBAF3C09}.RelWithDebInfo|x64.ActiveCfg = RelWithDebInfo|x64
		{44B0736E-ABE1-3839-B00F-53BCFBAF3C09}.RelWithDebInfo|x64.Build.0 = RelWithDebInfo|x64
		{44B0736E-ABE1-3839-B00F-53BCFBAF3C09}.Debug|x64.ActiveCfg = Debug|x64
		{44B0736E-ABE1-3839-B00F-53BCFBAF3C09}.Debug|x64.Build.0 = Debug|x64
		{3C966142-0B53-34A2-86C1-DD1302FE4C67}.Release|x64.ActiveCfg = Release|x64
		{3C966142-0B53-34A2-86C1-DD1302FE4C67}.Release|x64.Build.0 = Release|x64
		{3C966142-0B53-34A2-86C1-DD1302FE4C67}.RelWithDebInfo|x64.ActiveCfg = RelWithDebInfo|x64
		{3C966142-0B53-34A2-86C1-DD1302FE4C67}.RelWithDebInfo|x64.Build.0 = RelWithDebInfo|x64
		{3C966142-0B53-34A2-86C1-DD1302FE4C67}.Debug|x64.ActiveCfg = Debug|x64
		{3C966142-0B53-34A2-86C1-DD1302FE4C67}.Debug|x64.Build.0 = Debug|x64
		{F072248F-7408-3F6F-B0BA-D9D5B598F171}.Release|x64.ActiveCfg = Release|x64
		{F072248F-7408-3F6F-B0BA-D9D5B598F171}.Release|x64.Build.0 = Release|x64
		{F072248F-7408-3F6F-B0BA-D9D5B598F171}.RelWithDebInfo|x64.ActiveCfg = RelWithDebInfo|x64
		{F072248F-7408-3F6F-B0BA-D9D5B598F171}.RelWithDebInfo|x64.Build.0 = RelWithDebInfo|x64
		{F072248F-7408-3F6F-B0BA-D9D5B598F171}.Debug|x64.ActiveCfg = Debug|x64
		{F072248F-7408-3F6F-B0BA-D9D5B598F171}.Debug|x64.Build.0 = Debug|x64
		{053E53F2-19FF-37C8-8A27-EEFF60A6A797}.Release|x64.ActiveCfg = Release|x64
		{053E53F2-19FF-37C8-8A27-EEFF60A6A797}.Release|x64.Build.0 = Release|x64
		{053E53F2-19FF-37C8-8A27-EEFF60A6A797}.RelWithDebInfo|x64.ActiveCfg = RelWithDebInfo|x64
		{053E53F2-19FF-37C8-8A27-EEFF60A6A797}.RelWithDebInfo|x64.Build.0 = RelWithDebInfo|x64
		{053E53F2-19FF-37C8-8A27-EEFF60A6A797}.Debug|x64.ActiveCfg = Debug|x64
		{053E53F2-19FF-37C8-8A27-EEFF60A6A797}.Debug|x64.Build.0 = Debug|x64
		{A876EDA4-B920-3651-B9D4-772A6134162F}.Release|x64.ActiveCfg = Release|x64
		{A876EDA4-B920-3651-B9D4-772A6134162F}.Release|x64.Build.0 = Release|x64
		{A876EDA4-B920-3651-B9D4-772A6134162F}.RelWithDebInfo|x64.ActiveCfg = RelWithDebInfo|x64
		{A876EDA4-B920-3651-B9D4-772A6134162F}.RelWithDebInfo|x64.Build.0 = RelWithDebInfo|x64
		{A876EDA4-B920-3651-B9D4-772A6134162F}.Debug|x64.ActiveCfg = Debug|x64
		{A876EDA4-B920-3651-B9D4-772A6134162F}.Debug|x64.Build.0 = Debug|x64
		{A6F37D06-80E8-321B-B0D8-AAC2ACF4F9B1}.Release|x64.ActiveCfg = Release|x64
		{A6F37D06-80E8-321B-B0D8-AAC2ACF4F9B1}.Release|x64.Build.0 = Release|x64
		{A6F37D06-80E8-321B-B0D8-AAC2ACF4F9B1}.RelWithDebInfo|x64.ActiveCfg = RelWithDebInfo|x64
		{A6F37D06-80E8-321B-B0D8-AAC2ACF4F9B1}.RelWithDebInfo|x64.Build.0 = RelWithDebInfo|x64
		{A6F37D06-80E8-321B-B0D8-AAC2ACF4F9B1}.Debug|x64.ActiveCfg = Debug|x64
		{A6F37D06-80E8-321B-B0D8-AAC2ACF4F9B1}.Debug|x64.Build.0 = Debug|x64
		{E1D4D29C-C59D-3C10-8B35-E2BBCB0B72D3}.Release|x64.ActiveCfg = Release|x64
		{E1D4D29C-C59D-3C10-8B35-E2BBCB0B72D3}.RelWithDebInfo|x64.ActiveCfg = RelWithDebInfo|x64
		{E1D4D29C-C59D-3C10-8B35-E2BBCB0B72D3}.Debug|x64.ActiveCfg = Debug|x64
		{30DD26FF-27D9-3E16-908E-7412BAD7A56B}.Release|x64.ActiveCfg = Release|x64
		{30DD26FF-27D9-3E16-908E-7412BAD7A56B}.Release|x64.Build.0 = Release|x64
		{30DD26FF-27D9-3E16-908E-7412BAD7A56B}.RelWithDebInfo|x64.ActiveCfg = RelWithDebInfo|x64
		{30DD26FF-27D9-3E16-908E-7412BAD7A56B}.RelWithDebInfo|x64.Build.0 = RelWithDebInfo|x64
		{30DD26FF-27D9-3E16-908E-7412BAD7A56B}.Debug|x64.ActiveCfg = Debug|x64
		{30DD26FF-27D9-3E16-908E-7412BAD7A56B}.Debug|x64.Build.0 = Debug|x64
		{D7504898-9A88-3D49-A5D4-EE43EF6A35DA}.Release|x64.ActiveCfg = Release|x64
		{D7504898-9A88-3D49-A5D4-EE43EF6A35DA}.Release|x64.Build.0 = Release|x64
		{D7504898-9A88-3D49-A5D4-EE43EF6A35DA}.RelWithDebInfo|x64.ActiveCfg = RelWithDebInfo|x64
		{D7504898-9A88-3D49-A5D4-EE43EF6A35DA}.RelWithDebInfo|x64.Build.0 = RelWithDebInfo|x64
		{D7504898-9A88-3D49-A5D4-EE43EF6A35DA}.Debug|x64.ActiveCfg = Debug|x64
		{D7504898-9A88-3D49-A5D4-EE43EF6A35DA}.Debug|x64.Build.0 = Debug|x64
		{88386098-383A-3DD6-876A-1DE08CD5C295}.Release|x64.ActiveCfg = Release|x64
		{88386098-383A-3DD6-876A-1DE08CD5C295}.Release|x64.Build.0 = Release|x64
		{88386098-383A-3DD6-876A-1DE08CD5C295}.RelWithDebInfo|x64.ActiveCfg = RelWithDebInfo|x64
		{88386098-383A-3DD6-876A-1DE08CD5C295}.RelWithDebInfo|x64.Build.0 = RelWithDebInfo|x64
		{88386098-383A-3DD6-876A-1DE08CD5C295}.Debug|x64.ActiveCfg = Debug|x64
		{88386098-383A-3DD6-876A-1DE08CD5C295}.Debug|x64.Build.0 = Debug|x64
		{B3CB7D0C-C690-3179-A624-2E50F71C03D9}.Release|x64.ActiveCfg = Release|x64
		{B3CB7D0C-C690-3179-A624-2E50F71C03D9}.Release|x64.Build.0 = Release|x64
		{B3CB7D0C-C690-3179-A624-2E50F71C03D9}.RelWithDebInfo|x64.ActiveCfg = RelWithDebInfo|x64
		{B3CB7D0C-C690-3179-A624-2E50F71C03D9}.RelWithDebInfo|x64.Build.0 = RelWithDebInfo|x64
		{B3CB7D0C-C690-3179-A624-2E50F71C03D9}.Debug|x64.ActiveCfg = Debug|x64
		{B3CB7D0C-C690-3179-A624-2E50F71C03D9}.Debug|x64.Build.0 = Debug|x64
		{B4283B4A-514C-3D8C-B142-EE965B6CD2BB}.Release|x64.ActiveCfg = Release|x64
		{B4283B4A-514C-3D8C-B142-EE965B6CD2BB}.Release|x64.Build.0 = Release|x64
		{B4283B4A-514C-3D8C-B142-EE965B6CD2BB}.RelWithDebInfo|x64.ActiveCfg = RelWithDebInfo|x64
		{B4283B4A-514C-3D8C-B142-EE965B6CD2BB}.RelWithDebInfo|x64.Build.0 = RelWithDebInfo|x64
		{B4283B4A-514C-3D8C-B142-EE965B6CD2BB}.Debug|x64.ActiveCfg = Debug|x64
		{B4283B4A-514C-3D8C-B142-EE965B6CD2BB}.Debug|x64.Build.0 = Debug|x64
		{64C21261-41F2-31D8-8A63-E74F6C2111BF}.Release|x64.ActiveCfg = Release|x64
		{64C21261-41F2-31D8-8A63-E74F6C2111BF}.Release|x64.Build.0 = Release|x64
		{64C21261-41F2-31D8-8A63-E74F6C2111BF}.RelWithDebInfo|x64.ActiveCfg = RelWithDebInfo|x64
		{64C21261-41F2-31D8-8A63-E74F6C2111BF}.RelWithDebInfo|x64.Build.0 = RelWithDebInfo|x64
		{64C21261-41F2-31D8-8A63-E74F6C2111BF}.Debug|x64.ActiveCfg = Debug|x64
		{64C21261-41F2-31D8-8A63-E74F6C2111BF}.Debug|x64.Build.0 = Debug|x64
		{EF296BD3-1CC4-373B-BB7C-AEA48B45C284}.Release|x64.ActiveCfg = Release|x64
		{EF296BD3-1CC4-373B-BB7C-AEA48B45C284}.RelWithDebInfo|x64.ActiveCfg = RelWithDebInfo|x64
		{EF296BD3-1CC4-373B-BB7C-AEA48B45C284}.Debug|x64.ActiveCfg = Debug|x64
		{9121FCF2-AFB0-344B-AEBA-1A00D572FD1A}.Release|x64.ActiveCfg = Release|x64
		{9121FCF2-AFB0-344B-AEBA-1A00D572FD1A}.Release|x64.Build.0 = Release|x64
		{9121FCF2-AFB0-344B-AEBA-1A00D572FD1A}.RelWithDebInfo|x64.ActiveCfg = RelWithDebInfo|x64
		{9121FCF2-AFB0-344B-AEBA-1A00D572FD1A}.RelWithDebInfo|x64.Build.0 = RelWithDebInfo|x64
		{9121FCF2-AFB0-344B-AEBA-1A00D572FD1A}.Debug|x64.ActiveCfg = Debug|x64
		{9121FCF2-AFB0-344B-AEBA-1A00D572FD1A}.Debug|x64.Build.0 = Debug|x64
		{69E71989-074B-3449-83D2-957170011826}.Release|x64.ActiveCfg = Release|x64
		{69E71989-074B-3449-83D2-957170011826}.Release|x64.Build.0 = Release|x64
		{69E71989-074B-3449-83D2-957170011826}.RelWithDebInfo|x64.ActiveCfg = RelWithDebInfo|x64
		{69E71989-074B-3449-83D2-957170011826}.RelWithDebInfo|x64.Build.0 = RelWithDebInfo|x64
		{69E71989-074B-3449-83D2-957170011826}.Debug|x64.ActiveCfg = Debug|x64
		{69E71989-074B-3449-83D2-957170011826}.Debug|x64.Build.0 = Debug|x64
		{2ACD8CAA-523B-324B-BA31-B4E9C460E052}.Release|x64.ActiveCfg = Release|x64
		{2ACD8CAA-523B-324B-BA31-B4E9C460E052}.Release|x64.Build.0 = Release|x64
		{2ACD8CAA-523B-324B-BA31-B4E9C460E052}.RelWithDebInfo|x64.ActiveCfg = RelWithDebInfo|x64
		{2ACD8CAA-523B-324B-BA31-B4E9C460E052}.RelWithDebInfo|x64.Build.0 = RelWithDebInfo|x64
		{2ACD8CAA-523B-324B-BA31-B4E9C460E052}.Debug|x64.ActiveCfg = Debug|x64
		{2ACD8CAA-523B-324B-BA31-B4E9C460E052}.Debug|x64.Build.0 = Debug|x64
		{083A49E4-547F-33E2-B3BF-4191A9F4348E}.Release|x64.ActiveCfg = Release|x64
		{083A49E4-547F-33E2-B3BF-4191A9F4348E}.Release|x64.Build.0 = Release|x64
		{083A49E4-547F-33E2-B3BF-4191A9F4348E}.RelWithDebInfo|x64.ActiveCfg = RelWithDebInfo|x64
		{083A49E4-547F-33E2-B3BF-4191A9F4348E}.RelWithDebInfo|x64.Build.0 = RelWithDebInfo|x64
		{083A49E4-547F-33E2-B3BF-4191A9F4348E}.Debug|x64.ActiveCfg = Debug|x64
		{083A49E4-547F-33E2-B3BF-4191A9F4348E}.Debug|x64.Build.0 = Debug|x64
		{968D032A-EEEA-37C3-9B13-98B6EC912610}.Release|x64.ActiveCfg = Release|x64
		{968D032A-EEEA-37C3-9B13-98B6EC912610}.Release|x64.Build.0 = Release|x64
		{968D032A-EEEA-37C3-9B13-98B6EC912610}.RelWithDebInfo|x64.ActiveCfg = RelWithDebInfo|x64
		{968D032A-EEEA-37C3-9B13-98B6EC912610}.RelWithDebInfo|x64.Build.0 = RelWithDebInfo|x64
		{968D032A-EEEA-37C3-9B13-98B6EC912610}.Debug|x64.ActiveCfg = Debug|x64
		{968D032A-EEEA-37C3-9B13-98B6EC912610}.Debug|x64.Build.0 = Debug|x64
		{5E6E87FC-5DE9-3E92-9482-006549F40141}.Release|x64.ActiveCfg = Release|x64
		{5E6E87FC-5DE9-3E92-9482-006549F40141}.Release|x64.Build.0 = Release|x64
		{5E6E87FC-5DE9-3E92-9482-006549F40141}.RelWithDebInfo|x64.ActiveCfg = RelWithDebInfo|x64
		{5E6E87FC-5DE9-3E92-9482-006549F40141}.RelWithDebInfo|x64.Build.0 = RelWithDebInfo|x64
		{5E6E87FC-5DE9-3E92-9482-006549F40141}.Debug|x64.ActiveCfg = Debug|x64
		{5E6E87FC-5DE9-3E92-9482-006549F40141}.Debug|x64.Build.0 = Debug|x64
		{50AECEF8-EA7F-3A98-923B-D878C8729F7C}.Release|x64.ActiveCfg = Release|x64
		{50AECEF8-EA7F-3A98-923B-D878C8729F7C}.Release|x64.Build.0 = Release|x64
		{50AECEF8-EA7F-3A98-923B-D878C8729F7C}.RelWithDebInfo|x64.ActiveCfg = RelWithDebInfo|x64
		{50AECEF8-EA7F-3A98-923B-D878C8729F7C}.RelWithDebInfo|x64.Build.0 = RelWithDebInfo|x64
		{50AECEF8-EA7F-3A98-923B-D878C8729F7C}.Debug|x64.ActiveCfg = Debug|x64
		{50AECEF8-EA7F-3A98-923B-D878C8729F7C}.Debug|x64.Build.0 = Debug|x64
		{77D1EF0F-98C9-38AC-9143-E99A1F02CF92}.Release|x64.ActiveCfg = Release|x64
		{77D1EF0F-98C9-38AC-9143-E99A1F02CF92}.Release|x64.Build.0 = Release|x64
		{77D1EF0F-98C9-38AC-9143-E99A1F02CF92}.RelWithDebInfo|x64.ActiveCfg = RelWithDebInfo|x64
		{77D1EF0F-98C9-38AC-9143-E99A1F02CF92}.RelWithDebInfo|x64.Build.0 = RelWithDebInfo|x64
		{77D1EF0F-98C9-38AC-9143-E99A1F02CF92}.Debug|x64.ActiveCfg = Debug|x64
		{77D1EF0F-98C9-38AC-9143-E99A1F02CF92}.Debug|x64.Build.0 = Debug|x64
		{7168086D-654D-3E60-B026-984C7E822ADC}.Release|x64.ActiveCfg = Release|x64
		{7168086D-654D-3E60-B026-984C7E822ADC}.Release|x64.Build.0 = Release|x64
		{7168086D-654D-3E60-B026-984C7E822ADC}.RelWithDebInfo|x64.ActiveCfg = RelWithDebInfo|x64
		{7168086D-654D-3E60-B026-984C7E822ADC}.RelWithDebInfo|x64.Build.0 = RelWithDebInfo|x64
		{7168086D-654D-3E60-B026-984C7E822ADC}.Debug|x64.ActiveCfg = Debug|x64
		{7168086D-654D-3E60-B026-984C7E822ADC}.Debug|x64.Build.0 = Debug|x64
		{8462CE5B-E986-3833-9A8F-2F1F07501926}.Release|x64.ActiveCfg = Release|x64
		{8462CE5B-E986-3833-9A8F-2F1F07501926}.Release|x64.Build.0 = Release|x64
		{8462CE5B-E986-3833-9A8F-2F1F07501926}.RelWithDebInfo|x64.ActiveCfg = RelWithDebInfo|x64
		{8462CE5B-E986-3833-9A8F-2F1F07501926}.RelWithDebInfo|x64.Build.0 = RelWithDebInfo|x64
		{8462CE5B-E986-3833-9A8F-2F1F07501926}.Debug|x64.ActiveCfg = Debug|x64
		{8462CE5B-E986-3833-9A8F-2F1F07501926}.Debug|x64.Build.0 = Debug|x64
		{57739181-0F29-327E-B87D-FD7657D9F105}.Release|x64.ActiveCfg = Release|x64
		{57739181-0F29-327E-B87D-FD7657D9F105}.Release|x64.Build.0 = Release|x64
		{57739181-0F29-327E-B87D-FD7657D9F105}.RelWithDebInfo|x64.ActiveCfg = RelWithDebInfo|x64
		{57739181-0F29-327E-B87D-FD7657D9F105}.RelWithDebInfo|x64.Build.0 = RelWithDebInfo|x64
		{57739181-0F29-327E-B87D-FD7657D9F105}.Debug|x64.ActiveCfg = Debug|x64
		{57739181-0F29-327E-B87D-FD7657D9F105}.Debug|x64.Build.0 = Debug|x64
		{19BCA8E6-206E-32BC-AE84-E9E71D402AF1}.Release|x64.ActiveCfg = Release|x64
		{19BCA8E6-206E-32BC-AE84-E9E71D402AF1}.Release|x64.Build.0 = Release|x64
		{19BCA8E6-206E-32BC-AE84-E9E71D402AF1}.RelWithDebInfo|x64.ActiveCfg = RelWithDebInfo|x64
		{19BCA8E6-206E-32BC-AE84-E9E71D402AF1}.RelWithDebInfo|x64.Build.0 = RelWithDebInfo|x64
		{19BCA8E6-206E-32BC-AE84-E9E71D402AF1}.Debug|x64.ActiveCfg = Debug|x64
		{19BCA8E6-206E-32BC-AE84-E9E71D402AF1}.Debug|x64.Build.0 = Debug|x64
		{E9010F25-C6A7-3289-AB5E-9A84537D6A8C}.Release|x64.ActiveCfg = Release|x64
		{E9010F25-C6A7-3289-AB5E-9A84537D6A8C}.Release|x64.Build.0 = Release|x64
		{E9010F25-C6A7-3289-AB5E-9A84537D6A8C}.RelWithDebInfo|x64.ActiveCfg = RelWithDebInfo|x64
		{E9010F25-C6A7-3289-AB5E-9A84537D6A8C}.RelWithDebInfo|x64.Build.0 = RelWithDebInfo|x64
		{E9010F25-C6A7-3289-AB5E-9A84537D6A8C}.Debug|x64.ActiveCfg = Debug|x64
		{E9010F25-C6A7-3289-AB5E-9A84537D6A8C}.Debug|x64.Build.0 = Debug|x64
		{4DB69F5F-C54E-3F1D-9AC4-DBC672D2B978}.Release|x64.ActiveCfg = Release|x64
		{4DB69F5F-C54E-3F1D-9AC4-DBC672D2B978}.Release|x64.Build.0 = Release|x64
		{4DB69F5F-C54E-3F1D-9AC4-DBC672D2B978}.RelWithDebInfo|x64.ActiveCfg = RelWithDebInfo|x64
		{4DB69F5F-C54E-3F1D-9AC4-DBC672D2B978}.RelWithDebInfo|x64.Build.0 = RelWithDebInfo|x64
		{4DB69F5F-C54E-3F1D-9AC4-DBC672D2B978}.Debug|x64.ActiveCfg = Debug|x64
		{4DB69F5F-C54E-3F1D-9AC4-DBC672D2B978}.Debug|x64.Build.0 = Debug|x64
		{23905F09-0120-36E1-AA81-E7803C6AB203}.Release|x64.ActiveCfg = Release|x64
		{23905F09-0120-36E1-AA81-E7803C6AB203}.Release|x64.Build.0 = Release|x64
		{23905F09-0120-36E1-AA81-E7803C6AB203}.RelWithDebInfo|x64.ActiveCfg = RelWithDebInfo|x64
		{23905F09-0120-36E1-AA81-E7803C6AB203}.RelWithDebInfo|x64.Build.0 = RelWithDebInfo|x64
		{23905F09-0120-36E1-AA81-E7803C6AB203}.Debug|x64.ActiveCfg = Debug|x64
		{23905F09-0120-36E1-AA81-E7803C6AB203}.Debug|x64.Build.0 = Debug|x64
		{7A612C01-4994-3BE7-9F1A-3E5B0E7A743A}.Release|x64.ActiveCfg = Release|x64
		{7A612C01-4994-3BE7-9F1A-3E5B0E7A743A}.Release|x64.Build.0 = Release|x64
		{7A612C01-4994-3BE7-9F1A-3E5B0E7A743A}.RelWithDebInfo|x64.ActiveCfg = RelWithDebInfo|x64
		{7A612C01-4994-3BE7-9F1A-3E5B0E7A743A}.RelWithDebInfo|x64.Build.0 = RelWithDebInfo|x64
		{7A612C01-4994-3BE7-9F1A-3E5B0E7A743A}.Debug|x64.ActiveCfg = Debug|x64
		{7A612C01-4994-3BE7-9F1A-3E5B0E7A743A}.Debug|x64.Build.0 = Debug|x64
		{B49894D7-7F50-3B42-8F4B-6D5EAA18E11C}.Release|x64.ActiveCfg = Release|x64
		{B49894D7-7F50-3B42-8F4B-6D5EAA18E11C}.Release|x64.Build.0 = Release|x64
		{B49894D7-7F50-3B42-8F4B-6D5EAA18E11C}.RelWithDebInfo|x64.ActiveCfg = RelWithDebInfo|x64
		{B49894D7-7F50-3B42-8F4B-6D5EAA18E11C}.RelWithDebInfo|x64.Build.0 = RelWithDebInfo|x64
		{B49894D7-7F50-3B42-8F4B-6D5EAA18E11C}.Debug|x64.ActiveCfg = Debug|x64
		{B49894D7-7F50-3B42-8F4B-6D5EAA18E11C}.Debug|x64.Build.0 = Debug|x64
		{6BF3222A-E3F4-3ACF-9207-CF3688317F9B}.Release|x64.ActiveCfg = Release|x64
		{6BF3222A-E3F4-3ACF-9207-CF3688317F9B}.Release|x64.Build.0 = Release|x64
		{6BF3222A-E3F4-3ACF-9207-CF3688317F9B}.RelWithDebInfo|x64.ActiveCfg = RelWithDebInfo|x64
		{6BF3222A-E3F4-3ACF-9207-CF3688317F9B}.RelWithDebInfo|x64.Build.0 = RelWithDebInfo|x64
		{6BF3222A-E3F4-3ACF-9207-CF3688317F9B}.Debug|x64.ActiveCfg = Debug|x64
		{6BF3222A-E3F4-3ACF-9207-CF3688317F9B}.Debug|x64.Build.0 = Debug|x64
	EndGlobalSection
	GlobalSection(ExtensibilityGlobals) = postSolution
		SolutionGuid = {30C91234-B709-3668-A842-16178FDD21AD}
	EndGlobalSection
	GlobalSection(ExtensibilityAddIns) = postSolution
	EndGlobalSection
EndGlobal
