Microsoft Visual Studio Solution File, Format Version 12.00
# Visual Studio 16
Project("{8BC9CEB8-8B4A-11D0-8D11-00A0C91BC942}") = "ALL_BUILD", "ALL_BUILD.vcxproj", "{6BECD9F2-4D80-30AE-BE3B-3A01A177B2F4}"
	ProjectSection(ProjectDependencies) = postProject
		{E9010F25-C6A7-3289-AB5E-9A84537D6A8C} = {E9010F25-C6A7-3289-AB5E-9A84537D6A8C}
	EndProjectSection
EndProject
Project("{8BC9CEB8-8B4A-11D0-8D11-00A0C91BC942}") = "INSTALL", "INSTALL.vcxproj", "{E1D4D29C-C59D-3C10-8B35-E2BBCB0B72D3}"
	ProjectSection(ProjectDependencies) = postProject
		{6BECD9F2-4D80-30AE-BE3B-3A01A177B2F4} = {6BECD9F2-4D80-30AE-BE3B-3A01A177B2F4}
		{E9010F25-C6A7-3289-AB5E-9A84537D6A8C} = {E9010F25-C6A7-3289-AB5E-9A84537D6A8C}
	EndProjectSection
EndProject
Project("{8BC9CEB8-8B4A-11D0-8D11-00A0C91BC942}") = "PACKAGE", "PACKAGE.vcxproj", "{EF296BD3-1CC4-373B-BB7C-AEA48B45C284}"
	ProjectSection(ProjectDependencies) = postProject
		{6BECD9F2-4D80-30AE-BE3B-3A01A177B2F4} = {6BECD9F2-4D80-30AE-BE3B-3A01A177B2F4}
		{E9010F25-C6A7-3289-AB5E-9A84537D6A8C} = {E9010F25-C6A7-3289-AB5E-9A84537D6A8C}
	EndProjectSection
EndProject
Project("{8BC9CEB8-8B4A-11D0-8D11-00A0C91BC942}") = "ZERO_CHECK", "..\\ZERO_CHECK.vcxproj", "{E9010F25-C6A7-3289-AB5E-9A84537D6A8C}"
	ProjectSection(ProjectDependencies) = postProject
	EndProjectSection
EndProject
Global
	GlobalSection(SolutionConfigurationPlatforms) = preSolution
		Release|x64 = Release|x64
		RelWithDebInfo|x64 = RelWithDebInfo|x64
		Debug|x64 = Debug|x64
	EndGlobalSection
	GlobalSection(ProjectConfigurationPlatforms) = postSolution
		{6BECD9F2-4D80-30AE-BE3B-3A01A177B2F4}.Release|x64.ActiveCfg = Release|x64
		{6BECD9F2-4D80-30AE-BE3B-3A01A177B2F4}.Release|x64.Build.0 = Release|x64
		{6BECD9F2-4D80-30AE-BE3B-3A01A177B2F4}.RelWithDebInfo|x64.ActiveCfg = RelWithDebInfo|x64
		{6BECD9F2-4D80-30AE-BE3B-3A01A177B2F4}.RelWithDebInfo|x64.Build.0 = RelWithDebInfo|x64
		{6BECD9F2-4D80-30AE-BE3B-3A01A177B2F4}.Debug|x64.ActiveCfg = Debug|x64
		{6BECD9F2-4D80-30AE-BE3B-3A01A177B2F4}.Debug|x64.Build.0 = Debug|x64
		{E1D4D29C-C59D-3C10-8B35-E2BBCB0B72D3}.Release|x64.ActiveCfg = Release|x64
		{E1D4D29C-C59D-3C10-8B35-E2BBCB0B72D3}.RelWithDebInfo|x64.ActiveCfg = RelWithDebInfo|x64
		{E1D4D29C-C59D-3C10-8B35-E2BBCB0B72D3}.Debug|x64.ActiveCfg = Debug|x64
		{EF296BD3-1CC4-373B-BB7C-AEA48B45C284}.Release|x64.ActiveCfg = Release|x64
		{EF296BD3-1CC4-373B-BB7C-AEA48B45C284}.RelWithDebInfo|x64.ActiveCfg = RelWithDebInfo|x64
		{EF296BD3-1CC4-373B-BB7C-AEA48B45C284}.Debug|x64.ActiveCfg = Debug|x64
		{E9010F25-C6A7-3289-AB5E-9A84537D6A8C}.Release|x64.ActiveCfg = Release|x64
		{E9010F25-C6A7-3289-AB5E-9A84537D6A8C}.Release|x64.Build.0 = Release|x64
		{E9010F25-C6A7-3289-AB5E-9A84537D6A8C}.RelWithDebInfo|x64.ActiveCfg = RelWithDebInfo|x64
		{E9010F25-C6A7-3289-AB5E-9A84537D6A8C}.RelWithDebInfo|x64.Build.0 = RelWithDebInfo|x64
		{E9010F25-C6A7-3289-AB5E-9A84537D6A8C}.Debug|x64.ActiveCfg = Debug|x64
		{E9010F25-C6A7-3289-AB5E-9A84537D6A8C}.Debug|x64.Build.0 = Debug|x64
	EndGlobalSection
	GlobalSection(ExtensibilityGlobals) = postSolution
		SolutionGuid = {6FACD61F-1CB3-375B-AD62-ACE58DDAFF48}
	EndGlobalSection
	GlobalSection(ExtensibilityAddIns) = postSolution
	EndGlobalSection
EndGlobal
