<?xml version="1.0" encoding="utf-8"?>
<Project ToolsVersion="16.0" xmlns="http://schemas.microsoft.com/developer/msbuild/2003">
  <ItemGroup>
    <ClCompile Include="C:\Urho3D\Urho3D\Source\Samples\31_MaterialAnimation\MaterialAnimation.cpp">
      <Filter>Source Files</Filter>
    </ClCompile>
  </ItemGroup>
  <ItemGroup>
    <ClInclude Include="C:\Urho3D\Urho3D\Source\Samples\31_MaterialAnimation\MaterialAnimation.h">
      <Filter>Header Files</Filter>
    </ClInclude>
    <ClInclude Include="C:\Urho3D\Urho3D\Source\Samples\Sample.h">
      <Filter>Header Files</Filter>
    </ClInclude>
    <ClInclude Include="C:\Urho3D\Urho3D\Source\Samples\Sample.inl">
      <Filter>Header Files</Filter>
    </ClInclude>
  </ItemGroup>
  <ItemGroup>
    <CustomBuild Include="C:\Urho3D\Urho3D\Source\Samples\31_MaterialAnimation\CMakeLists.txt" />
  </ItemGroup>
  <ItemGroup>
    <None Include="C:\Urho3D\Urho3D\bin\CoreData">
      <Filter>Resource Dirs</Filter>
    </None>
    <None Include="C:\Urho3D\Urho3D\bin\Data">
      <Filter>Resource Dirs</Filter>
    </None>
  </ItemGroup>
  <ItemGroup>
    <Filter Include="Header Files">
      <UniqueIdentifier>{5FA79A23-DD48-3FEF-9D04-4100D69BB864}</UniqueIdentifier>
    </Filter>
    <Filter Include="Resource Dirs">
      <UniqueIdentifier>{836ED80B-4086-335B-8525-BDC3B93730EE}</UniqueIdentifier>
    </Filter>
    <Filter Include="Source Files">
      <UniqueIdentifier>{27BD7108-7C2A-3784-857F-5824E68A9B67}</UniqueIdentifier>
    </Filter>
  </ItemGroup>
</Project>
